
Microsoft Visual Studio Solution File, Format Version 12.00
# Visual Studio Version 17
VisualStudioVersion = 17.14.36310.24
MinimumVisualStudioVersion = 10.0.40219.1
Project("{FAE04EC0-301F-11D3-BF4B-00C04F79EFBC}") = "SecureProcessor.Manager.API", "SecureProcessor.Manager.API\SecureProcessor.Manager.API.csproj", "{522B6247-04FA-4AF9-A192-FDA25A74C980}"
EndProject
Project("{FAE04EC0-301F-11D3-BF4B-00C04F79EFBC}") = "SecureProcessor.Shared", "SecureProcessor.Shared\SecureProcessor.Shared.csproj", "{3FD44FBE-C109-4782-BAF5-6CDD9678D7F4}"
EndProject
Project("{FAE04EC0-301F-11D3-BF4B-00C04F79EFBC}") = "SecureProcessor.Core", "SecureProcessor.Core\SecureProcessor.Core.csproj", "{FD4C776E-D6FC-4132-9114-54BDCA91BF26}"
EndProject
Project("{FAE04EC0-301F-11D3-BF4B-00C04F79EFBC}") = "SecureProcessor.Test", "SecureProcessor.Test\SecureProcessor.Test.csproj", "{C31CD2B9-F393-416C-ADA4-327070E7D071}"
EndProject
Project("{FAE04EC0-301F-11D3-BF4B-00C04F79EFBC}") = "SecureProcessor.Dispatcher", "SecureProcessor.Dispatcher\SecureProcessor.Dispatcher.csproj", "{79445CD2-92D8-4309-9749-70BA50EA80D6}"
EndProject
Project("{FAE04EC0-301F-11D3-BF4B-00C04F79EFBC}") = "SecureProcessor.Processor", "SecureProcessor.Processor\SecureProcessor.Processor.csproj", "{AB18A54A-5F22-42D7-88F2-98E33939DE75}"
EndProject
Global
	GlobalSection(SolutionConfigurationPlatforms) = preSolution
		Debug|Any CPU = Debug|Any CPU
		Release|Any CPU = Release|Any CPU
	EndGlobalSection
	GlobalSection(ProjectConfigurationPlatforms) = postSolution
		{522B6247-04FA-4AF9-A192-FDA25A74C980}.Debug|Any CPU.ActiveCfg = Debug|Any CPU
		{522B6247-04FA-4AF9-A192-FDA25A74C980}.Debug|Any CPU.Build.0 = Debug|Any CPU
		{522B6247-04FA-4AF9-A192-FDA25A74C980}.Release|Any CPU.ActiveCfg = Release|Any CPU
		{522B6247-04FA-4AF9-A192-FDA25A74C980}.Release|Any CPU.Build.0 = Release|Any CPU
		{3FD44FBE-C109-4782-BAF5-6CDD9678D7F4}.Debug|Any CPU.ActiveCfg = Debug|Any CPU
		{3FD44FBE-C109-4782-BAF5-6CDD9678D7F4}.Debug|Any CPU.Build.0 = Debug|Any CPU
		{3FD44FBE-C109-4782-BAF5-6CDD9678D7F4}.Release|Any CPU.ActiveCfg = Release|Any CPU
		{3FD44FBE-C109-4782-BAF5-6CDD9678D7F4}.Release|Any CPU.Build.0 = Release|Any CPU
		{FD4C776E-D6FC-4132-9114-54BDCA91BF26}.Debug|Any CPU.ActiveCfg = Debug|Any CPU
		{FD4C776E-D6FC-4132-9114-54BDCA91BF26}.Debug|Any CPU.Build.0 = Debug|Any CPU
		{FD4C776E-D6FC-4132-9114-54BDCA91BF26}.Release|Any CPU.ActiveCfg = Release|Any CPU
		{FD4C776E-D6FC-4132-9114-54BDCA91BF26}.Release|Any CPU.Build.0 = Release|Any CPU
		{C31CD2B9-F393-416C-ADA4-327070E7D071}.Debug|Any CPU.ActiveCfg = Debug|Any CPU
		{C31CD2B9-F393-416C-ADA4-327070E7D071}.Debug|Any CPU.Build.0 = Debug|Any CPU
		{C31CD2B9-F393-416C-ADA4-327070E7D071}.Release|Any CPU.ActiveCfg = Release|Any CPU
		{C31CD2B9-F393-416C-ADA4-327070E7D071}.Release|Any CPU.Build.0 = Release|Any CPU
		{79445CD2-92D8-4309-9749-70BA50EA80D6}.Debug|Any CPU.ActiveCfg = Debug|Any CPU
		{79445CD2-92D8-4309-9749-70BA50EA80D6}.Debug|Any CPU.Build.0 = Debug|Any CPU
		{79445CD2-92D8-4309-9749-70BA50EA80D6}.Release|Any CPU.ActiveCfg = Release|Any CPU
		{79445CD2-92D8-4309-9749-70BA50EA80D6}.Release|Any CPU.Build.0 = Release|Any CPU
		{AB18A54A-5F22-42D7-88F2-98E33939DE75}.Debug|Any CPU.ActiveCfg = Debug|Any CPU
		{AB18A54A-5F22-42D7-88F2-98E33939DE75}.Debug|Any CPU.Build.0 = Debug|Any CPU
		{AB18A54A-5F22-42D7-88F2-98E33939DE75}.Release|Any CPU.ActiveCfg = Release|Any CPU
		{AB18A54A-5F22-42D7-88F2-98E33939DE75}.Release|Any CPU.Build.0 = Release|Any CPU
	EndGlobalSection
	GlobalSection(SolutionProperties) = preSolution
		HideSolutionNode = FALSE
	EndGlobalSection
	GlobalSection(ExtensibilityGlobals) = postSolution
		SolutionGuid = {92FB2B67-EA53-4A47-BF12-1029B08C2519}
	EndGlobalSection
EndGlobal
